// !$*UTF8*$!
{
	archiveVersion = 1;
	classes = {
	};
	objectVersion = 46;
	objects = {

/* Begin PBXBuildFile section */
		8B2F080318FC7FD1003EA55F /* Foundation.framework in Frameworks */ = {isa = PBXBuildFile; fileRef = 8B2F080218FC7FD1003EA55F /* Foundation.framework */; };
		8B2F080518FC7FD1003EA55F /* CoreGraphics.framework in Frameworks */ = {isa = PBXBuildFile; fileRef = 8B2F080418FC7FD1003EA55F /* CoreGraphics.framework */; };
		8B2F080718FC7FD1003EA55F /* UIKit.framework in Frameworks */ = {isa = PBXBuildFile; fileRef = 8B2F080618FC7FD1003EA55F /* UIKit.framework */; };
		8B2F080D18FC7FD1003EA55F /* InfoPlist.strings in Resources */ = {isa = PBXBuildFile; fileRef = 8B2F080B18FC7FD1003EA55F /* InfoPlist.strings */; };
		8B2F080F18FC7FD1003EA55F /* main.m in Sources */ = {isa = PBXBuildFile; fileRef = 8B2F080E18FC7FD1003EA55F /* main.m */; };
		8B2F081318FC7FD1003EA55F /* CHAppDelegate.m in Sources */ = {isa = PBXBuildFile; fileRef = 8B2F081218FC7FD1003EA55F /* CHAppDelegate.m */; };
		8B2F081518FC7FD1003EA55F /* Images.xcassets in Resources */ = {isa = PBXBuildFile; fileRef = 8B2F081418FC7FD1003EA55F /* Images.xcassets */; };
		8B2F081C18FC7FD1003EA55F /* XCTest.framework in Frameworks */ = {isa = PBXBuildFile; fileRef = 8B2F081B18FC7FD1003EA55F /* XCTest.framework */; };
		8B2F081D18FC7FD1003EA55F /* Foundation.framework in Frameworks */ = {isa = PBXBuildFile; fileRef = 8B2F080218FC7FD1003EA55F /* Foundation.framework */; };
		8B2F081E18FC7FD1003EA55F /* UIKit.framework in Frameworks */ = {isa = PBXBuildFile; fileRef = 8B2F080618FC7FD1003EA55F /* UIKit.framework */; };
		8B2F082618FC7FD1003EA55F /* InfoPlist.strings in Resources */ = {isa = PBXBuildFile; fileRef = 8B2F082418FC7FD1003EA55F /* InfoPlist.strings */; };
		8B2F082818FC7FD1003EA55F /* CHFlingingViewControllerTests.m in Sources */ = {isa = PBXBuildFile; fileRef = 8B2F082718FC7FD1003EA55F /* CHFlingingViewControllerTests.m */; };
		8B2F083418FC8036003EA55F /* CHFlingToDismissAnimationController.m in Sources */ = {isa = PBXBuildFile; fileRef = 8B2F083318FC8036003EA55F /* CHFlingToDismissAnimationController.m */; };
		8B2F083718FC82CC003EA55F /* CHSwipeInteractionController.m in Sources */ = {isa = PBXBuildFile; fileRef = 8B2F083618FC82CC003EA55F /* CHSwipeInteractionController.m */; };
		8BC197AD18FEC84F003FA883 /* CHFirstViewController.m in Sources */ = {isa = PBXBuildFile; fileRef = 8BC197AB18FEC84F003FA883 /* CHFirstViewController.m */; };
		8BC197AE18FEC84F003FA883 /* CHFirstViewController.xib in Resources */ = {isa = PBXBuildFile; fileRef = 8BC197AC18FEC84F003FA883 /* CHFirstViewController.xib */; };
		8BC197B218FEC868003FA883 /* CHSecondViewController.m in Sources */ = {isa = PBXBuildFile; fileRef = 8BC197B018FEC868003FA883 /* CHSecondViewController.m */; };
		8BC197B318FEC868003FA883 /* CHSecondViewController.xib in Resources */ = {isa = PBXBuildFile; fileRef = 8BC197B118FEC868003FA883 /* CHSecondViewController.xib */; };
/* End PBXBuildFile section */

/* Begin PBXContainerItemProxy section */
		8B2F081F18FC7FD1003EA55F /* PBXContainerItemProxy */ = {
			isa = PBXContainerItemProxy;
			containerPortal = 8B2F07F718FC7FD1003EA55F /* Project object */;
			proxyType = 1;
			remoteGlobalIDString = 8B2F07FE18FC7FD1003EA55F;
			remoteInfo = CHFlingingViewController;
		};
/* End PBXContainerItemProxy section */

/* Begin PBXFileReference section */
		8B2F07FF18FC7FD1003EA55F /* CHFlingingViewController.app */ = {isa = PBXFileReference; explicitFileType = wrapper.application; includeInIndex = 0; path = CHFlingingViewController.app; sourceTree = BUILT_PRODUCTS_DIR; };
		8B2F080218FC7FD1003EA55F /* Foundation.framework */ = {isa = PBXFileReference; lastKnownFileType = wrapper.framework; name = Foundation.framework; path = System/Library/Frameworks/Foundation.framework; sourceTree = SDKROOT; };
		8B2F080418FC7FD1003EA55F /* CoreGraphics.framework */ = {isa = PBXFileReference; lastKnownFileType = wrapper.framework; name = CoreGraphics.framework; path = System/Library/Frameworks/CoreGraphics.framework; sourceTree = SDKROOT; };
		8B2F080618FC7FD1003EA55F /* UIKit.framework */ = {isa = PBXFileReference; lastKnownFileType = wrapper.framework; name = UIKit.framework; path = System/Library/Frameworks/UIKit.framework; sourceTree = SDKROOT; };
		8B2F080A18FC7FD1003EA55F /* CHFlingingViewController-Info.plist */ = {isa = PBXFileReference; lastKnownFileType = text.plist.xml; path = "CHFlingingViewController-Info.plist"; sourceTree = "<group>"; };
		8B2F080C18FC7FD1003EA55F /* en */ = {isa = PBXFileReference; lastKnownFileType = text.plist.strings; name = en; path = en.lproj/InfoPlist.strings; sourceTree = "<group>"; };
		8B2F080E18FC7FD1003EA55F /* main.m */ = {isa = PBXFileReference; lastKnownFileType = sourcecode.c.objc; path = main.m; sourceTree = "<group>"; };
		8B2F081018FC7FD1003EA55F /* CHFlingingViewController-Prefix.pch */ = {isa = PBXFileReference; lastKnownFileType = sourcecode.c.h; path = "CHFlingingViewController-Prefix.pch"; sourceTree = "<group>"; };
		8B2F081118FC7FD1003EA55F /* CHAppDelegate.h */ = {isa = PBXFileReference; lastKnownFileType = sourcecode.c.h; path = CHAppDelegate.h; sourceTree = "<group>"; };
		8B2F081218FC7FD1003EA55F /* CHAppDelegate.m */ = {isa = PBXFileReference; lastKnownFileType = sourcecode.c.objc; path = CHAppDelegate.m; sourceTree = "<group>"; };
		8B2F081418FC7FD1003EA55F /* Images.xcassets */ = {isa = PBXFileReference; lastKnownFileType = folder.assetcatalog; path = Images.xcassets; sourceTree = "<group>"; };
		8B2F081A18FC7FD1003EA55F /* CHFlingingViewControllerTests.xctest */ = {isa = PBXFileReference; explicitFileType = wrapper.cfbundle; includeInIndex = 0; path = CHFlingingViewControllerTests.xctest; sourceTree = BUILT_PRODUCTS_DIR; };
		8B2F081B18FC7FD1003EA55F /* XCTest.framework */ = {isa = PBXFileReference; lastKnownFileType = wrapper.framework; name = XCTest.framework; path = Library/Frameworks/XCTest.framework; sourceTree = DEVELOPER_DIR; };
		8B2F082318FC7FD1003EA55F /* CHFlingingViewControllerTests-Info.plist */ = {isa = PBXFileReference; lastKnownFileType = text.plist.xml; path = "CHFlingingViewControllerTests-Info.plist"; sourceTree = "<group>"; };
		8B2F082518FC7FD1003EA55F /* en */ = {isa = PBXFileReference; lastKnownFileType = text.plist.strings; name = en; path = en.lproj/InfoPlist.strings; sourceTree = "<group>"; };
		8B2F082718FC7FD1003EA55F /* CHFlingingViewControllerTests.m */ = {isa = PBXFileReference; lastKnownFileType = sourcecode.c.objc; path = CHFlingingViewControllerTests.m; sourceTree = "<group>"; };
		8B2F083218FC8036003EA55F /* CHFlingToDismissAnimationController.h */ = {isa = PBXFileReference; fileEncoding = 4; lastKnownFileType = sourcecode.c.h; path = CHFlingToDismissAnimationController.h; sourceTree = "<group>"; };
		8B2F083318FC8036003EA55F /* CHFlingToDismissAnimationController.m */ = {isa = PBXFileReference; fileEncoding = 4; lastKnownFileType = sourcecode.c.objc; path = CHFlingToDismissAnimationController.m; sourceTree = "<group>"; };
		8B2F083518FC82CC003EA55F /* CHSwipeInteractionController.h */ = {isa = PBXFileReference; fileEncoding = 4; lastKnownFileType = sourcecode.c.h; path = CHSwipeInteractionController.h; sourceTree = "<group>"; };
		8B2F083618FC82CC003EA55F /* CHSwipeInteractionController.m */ = {isa = PBXFileReference; fileEncoding = 4; lastKnownFileType = sourcecode.c.objc; path = CHSwipeInteractionController.m; sourceTree = "<group>"; };
		8BC197AA18FEC84F003FA883 /* CHFirstViewController.h */ = {isa = PBXFileReference; fileEncoding = 4; lastKnownFileType = sourcecode.c.h; path = CHFirstViewController.h; sourceTree = "<group>"; };
		8BC197AB18FEC84F003FA883 /* CHFirstViewController.m */ = {isa = PBXFileReference; fileEncoding = 4; lastKnownFileType = sourcecode.c.objc; path = CHFirstViewController.m; sourceTree = "<group>"; };
		8BC197AC18FEC84F003FA883 /* CHFirstViewController.xib */ = {isa = PBXFileReference; fileEncoding = 4; lastKnownFileType = file.xib; path = CHFirstViewController.xib; sourceTree = "<group>"; };
		8BC197AF18FEC868003FA883 /* CHSecondViewController.h */ = {isa = PBXFileReference; fileEncoding = 4; lastKnownFileType = sourcecode.c.h; path = CHSecondViewController.h; sourceTree = "<group>"; };
		8BC197B018FEC868003FA883 /* CHSecondViewController.m */ = {isa = PBXFileReference; fileEncoding = 4; lastKnownFileType = sourcecode.c.objc; path = CHSecondViewController.m; sourceTree = "<group>"; };
		8BC197B118FEC868003FA883 /* CHSecondViewController.xib */ = {isa = PBXFileReference; fileEncoding = 4; lastKnownFileType = file.xib; path = CHSecondViewController.xib; sourceTree = "<group>"; };
/* End PBXFileReference section */

/* Begin PBXFrameworksBuildPhase section */
		8B2F07FC18FC7FD1003EA55F /* Frameworks */ = {
			isa = PBXFrameworksBuildPhase;
			buildActionMask = 2147483647;
			files = (
				8B2F080518FC7FD1003EA55F /* CoreGraphics.framework in Frameworks */,
				8B2F080718FC7FD1003EA55F /* UIKit.framework in Frameworks */,
				8B2F080318FC7FD1003EA55F /* Foundation.framework in Frameworks */,
			);
			runOnlyForDeploymentPostprocessing = 0;
		};
		8B2F081718FC7FD1003EA55F /* Frameworks */ = {
			isa = PBXFrameworksBuildPhase;
			buildActionMask = 2147483647;
			files = (
				8B2F081C18FC7FD1003EA55F /* XCTest.framework in Frameworks */,
				8B2F081E18FC7FD1003EA55F /* UIKit.framework in Frameworks */,
				8B2F081D18FC7FD1003EA55F /* Foundation.framework in Frameworks */,
			);
			runOnlyForDeploymentPostprocessing = 0;
		};
/* End PBXFrameworksBuildPhase section */

/* Begin PBXGroup section */
		8B2F07F618FC7FD1003EA55F = {
			isa = PBXGroup;
			children = (
				8B2F080818FC7FD1003EA55F /* CHFlingingViewController */,
				8B2F082118FC7FD1003EA55F /* CHFlingingViewControllerTests */,
				8B2F080118FC7FD1003EA55F /* Frameworks */,
				8B2F080018FC7FD1003EA55F /* Products */,
			);
			sourceTree = "<group>";
		};
		8B2F080018FC7FD1003EA55F /* Products */ = {
			isa = PBXGroup;
			children = (
				8B2F07FF18FC7FD1003EA55F /* CHFlingingViewController.app */,
				8B2F081A18FC7FD1003EA55F /* CHFlingingViewControllerTests.xctest */,
			);
			name = Products;
			sourceTree = "<group>";
		};
		8B2F080118FC7FD1003EA55F /* Frameworks */ = {
			isa = PBXGroup;
			children = (
				8B2F080218FC7FD1003EA55F /* Foundation.framework */,
				8B2F080418FC7FD1003EA55F /* CoreGraphics.framework */,
				8B2F080618FC7FD1003EA55F /* UIKit.framework */,
				8B2F081B18FC7FD1003EA55F /* XCTest.framework */,
			);
			name = Frameworks;
			sourceTree = "<group>";
		};
		8B2F080818FC7FD1003EA55F /* CHFlingingViewController */ = {
			isa = PBXGroup;
			children = (
				8B2F083118FC7FD8003EA55F /* Animations */,
				8B2F081118FC7FD1003EA55F /* CHAppDelegate.h */,
				8B2F081218FC7FD1003EA55F /* CHAppDelegate.m */,
				8B2F081418FC7FD1003EA55F /* Images.xcassets */,
				8BC197AA18FEC84F003FA883 /* CHFirstViewController.h */,
				8BC197AB18FEC84F003FA883 /* CHFirstViewController.m */,
				8BC197AC18FEC84F003FA883 /* CHFirstViewController.xib */,
				8BC197AF18FEC868003FA883 /* CHSecondViewController.h */,
				8BC197B018FEC868003FA883 /* CHSecondViewController.m */,
				8BC197B118FEC868003FA883 /* CHSecondViewController.xib */,
				8B2F080918FC7FD1003EA55F /* Supporting Files */,
			);
			path = CHFlingingViewController;
			sourceTree = "<group>";
		};
		8B2F080918FC7FD1003EA55F /* Supporting Files */ = {
			isa = PBXGroup;
			children = (
				8B2F080A18FC7FD1003EA55F /* CHFlingingViewController-Info.plist */,
				8B2F080B18FC7FD1003EA55F /* InfoPlist.strings */,
				8B2F080E18FC7FD1003EA55F /* main.m */,
				8B2F081018FC7FD1003EA55F /* CHFlingingViewController-Prefix.pch */,
			);
			name = "Supporting Files";
			sourceTree = "<group>";
		};
		8B2F082118FC7FD1003EA55F /* CHFlingingViewControllerTests */ = {
			isa = PBXGroup;
			children = (
				8B2F082718FC7FD1003EA55F /* CHFlingingViewControllerTests.m */,
				8B2F082218FC7FD1003EA55F /* Supporting Files */,
			);
			path = CHFlingingViewControllerTests;
			sourceTree = "<group>";
		};
		8B2F082218FC7FD1003EA55F /* Supporting Files */ = {
			isa = PBXGroup;
			children = (
				8B2F082318FC7FD1003EA55F /* CHFlingingViewControllerTests-Info.plist */,
				8B2F082418FC7FD1003EA55F /* InfoPlist.strings */,
			);
			name = "Supporting Files";
			sourceTree = "<group>";
		};
		8B2F083118FC7FD8003EA55F /* Animations */ = {
			isa = PBXGroup;
			children = (
				8B2F083218FC8036003EA55F /* CHFlingToDismissAnimationController.h */,
				8B2F083318FC8036003EA55F /* CHFlingToDismissAnimationController.m */,
				8B2F083518FC82CC003EA55F /* CHSwipeInteractionController.h */,
				8B2F083618FC82CC003EA55F /* CHSwipeInteractionController.m */,
			);
			name = Animations;
			sourceTree = "<group>";
		};
/* End PBXGroup section */

/* Begin PBXNativeTarget section */
		8B2F07FE18FC7FD1003EA55F /* CHFlingingViewController */ = {
			isa = PBXNativeTarget;
			buildConfigurationList = 8B2F082B18FC7FD1003EA55F /* Build configuration list for PBXNativeTarget "CHFlingingViewController" */;
			buildPhases = (
				8B2F07FB18FC7FD1003EA55F /* Sources */,
				8B2F07FC18FC7FD1003EA55F /* Frameworks */,
				8B2F07FD18FC7FD1003EA55F /* Resources */,
			);
			buildRules = (
			);
			dependencies = (
			);
			name = CHFlingingViewController;
			productName = CHFlingingViewController;
			productReference = 8B2F07FF18FC7FD1003EA55F /* CHFlingingViewController.app */;
			productType = "com.apple.product-type.application";
		};
		8B2F081918FC7FD1003EA55F /* CHFlingingViewControllerTests */ = {
			isa = PBXNativeTarget;
			buildConfigurationList = 8B2F082E18FC7FD1003EA55F /* Build configuration list for PBXNativeTarget "CHFlingingViewControllerTests" */;
			buildPhases = (
				8B2F081618FC7FD1003EA55F /* Sources */,
				8B2F081718FC7FD1003EA55F /* Frameworks */,
				8B2F081818FC7FD1003EA55F /* Resources */,
			);
			buildRules = (
			);
			dependencies = (
				8B2F082018FC7FD1003EA55F /* PBXTargetDependency */,
			);
			name = CHFlingingViewControllerTests;
			productName = CHFlingingViewControllerTests;
			productReference = 8B2F081A18FC7FD1003EA55F /* CHFlingingViewControllerTests.xctest */;
			productType = "com.apple.product-type.bundle.unit-test";
		};
/* End PBXNativeTarget section */

/* Begin PBXProject section */
		8B2F07F718FC7FD1003EA55F /* Project object */ = {
			isa = PBXProject;
			attributes = {
				CLASSPREFIX = CH;
				LastUpgradeCheck = 0510;
				ORGANIZATIONNAME = croberth;
				TargetAttributes = {
					8B2F081918FC7FD1003EA55F = {
						TestTargetID = 8B2F07FE18FC7FD1003EA55F;
					};
				};
			};
			buildConfigurationList = 8B2F07FA18FC7FD1003EA55F /* Build configuration list for PBXProject "CHFlingingViewController" */;
			compatibilityVersion = "Xcode 3.2";
			developmentRegion = English;
			hasScannedForEncodings = 0;
			knownRegions = (
				en,
			);
			mainGroup = 8B2F07F618FC7FD1003EA55F;
			productRefGroup = 8B2F080018FC7FD1003EA55F /* Products */;
			projectDirPath = "";
			projectRoot = "";
			targets = (
				8B2F07FE18FC7FD1003EA55F /* CHFlingingViewController */,
				8B2F081918FC7FD1003EA55F /* CHFlingingViewControllerTests */,
			);
		};
/* End PBXProject section */

/* Begin PBXResourcesBuildPhase section */
		8B2F07FD18FC7FD1003EA55F /* Resources */ = {
			isa = PBXResourcesBuildPhase;
			buildActionMask = 2147483647;
			files = (
				8B2F080D18FC7FD1003EA55F /* InfoPlist.strings in Resources */,
				8BC197B318FEC868003FA883 /* CHSecondViewController.xib in Resources */,
				8B2F081518FC7FD1003EA55F /* Images.xcassets in Resources */,
				8BC197AE18FEC84F003FA883 /* CHFirstViewController.xib in Resources */,
			);
			runOnlyForDeploymentPostprocessing = 0;
		};
		8B2F081818FC7FD1003EA55F /* Resources */ = {
			isa = PBXResourcesBuildPhase;
			buildActionMask = 2147483647;
			files = (
				8B2F082618FC7FD1003EA55F /* InfoPlist.strings in Resources */,
			);
			runOnlyForDeploymentPostprocessing = 0;
		};
/* End PBXResourcesBuildPhase section */

/* Begin PBXSourcesBuildPhase section */
		8B2F07FB18FC7FD1003EA55F /* Sources */ = {
			isa = PBXSourcesBuildPhase;
			buildActionMask = 2147483647;
			files = (
				8B2F083718FC82CC003EA55F /* CHSwipeInteractionController.m in Sources */,
				8B2F080F18FC7FD1003EA55F /* main.m in Sources */,
				8B2F083418FC8036003EA55F /* CHFlingToDismissAnimationController.m in Sources */,
				8B2F081318FC7FD1003EA55F /* CHAppDelegate.m in Sources */,
				8BC197AD18FEC84F003FA883 /* CHFirstViewController.m in Sources */,
				8BC197B218FEC868003FA883 /* CHSecondViewController.m in Sources */,
			);
			runOnlyForDeploymentPostprocessing = 0;
		};
		8B2F081618FC7FD1003EA55F /* Sources */ = {
			isa = PBXSourcesBuildPhase;
			buildActionMask = 2147483647;
			files = (
				8B2F082818FC7FD1003EA55F /* CHFlingingViewControllerTests.m in Sources */,
			);
			runOnlyForDeploymentPostprocessing = 0;
		};
/* End PBXSourcesBuildPhase section */

/* Begin PBXTargetDependency section */
		8B2F082018FC7FD1003EA55F /* PBXTargetDependency */ = {
			isa = PBXTargetDependency;
			target = 8B2F07FE18FC7FD1003EA55F /* CHFlingingViewController */;
			targetProxy = 8B2F081F18FC7FD1003EA55F /* PBXContainerItemProxy */;
		};
/* End PBXTargetDependency section */

/* Begin PBXVariantGroup section */
		8B2F080B18FC7FD1003EA55F /* InfoPlist.strings */ = {
			isa = PBXVariantGroup;
			children = (
				8B2F080C18FC7FD1003EA55F /* en */,
			);
			name = InfoPlist.strings;
			sourceTree = "<group>";
		};
		8B2F082418FC7FD1003EA55F /* InfoPlist.strings */ = {
			isa = PBXVariantGroup;
			children = (
				8B2F082518FC7FD1003EA55F /* en */,
			);
			name = InfoPlist.strings;
			sourceTree = "<group>";
		};
/* End PBXVariantGroup section */

/* Begin XCBuildConfiguration section */
		8B2F082918FC7FD1003EA55F /* Debug */ = {
			isa = XCBuildConfiguration;
			buildSettings = {
				ALWAYS_SEARCH_USER_PATHS = NO;
				CLANG_CXX_LANGUAGE_STANDARD = "gnu++0x";
				CLANG_CXX_LIBRARY = "libc++";
				CLANG_ENABLE_MODULES = YES;
				CLANG_ENABLE_OBJC_ARC = YES;
				CLANG_WARN_BOOL_CONVERSION = YES;
				CLANG_WARN_CONSTANT_CONVERSION = YES;
				CLANG_WARN_DIRECT_OBJC_ISA_USAGE = YES_ERROR;
				CLANG_WARN_EMPTY_BODY = YES;
				CLANG_WARN_ENUM_CONVERSION = YES;
				CLANG_WARN_INT_CONVERSION = YES;
				CLANG_WARN_OBJC_ROOT_CLASS = YES_ERROR;
				CLANG_WARN__DUPLICATE_METHOD_MATCH = YES;
				"CODE_SIGN_IDENTITY[sdk=iphoneos*]" = "iPhone Developer";
				COPY_PHASE_STRIP = NO;
				GCC_C_LANGUAGE_STANDARD = gnu99;
				GCC_DYNAMIC_NO_PIC = NO;
				GCC_OPTIMIZATION_LEVEL = 0;
				GCC_PREPROCESSOR_DEFINITIONS = (
					"DEBUG=1",
					"$(inherited)",
				);
				GCC_SYMBOLS_PRIVATE_EXTERN = NO;
				GCC_WARN_64_TO_32_BIT_CONVERSION = YES;
				GCC_WARN_ABOUT_RETURN_TYPE = YES_ERROR;
				GCC_WARN_UNDECLARED_SELECTOR = YES;
				GCC_WARN_UNINITIALIZED_AUTOS = YES_AGGRESSIVE;
				GCC_WARN_UNUSED_FUNCTION = YES;
				GCC_WARN_UNUSED_VARIABLE = YES;
				IPHONEOS_DEPLOYMENT_TARGET = 7.1;
				ONLY_ACTIVE_ARCH = YES;
				SDKROOT = iphoneos;
			};
			name = Debug;
		};
		8B2F082A18FC7FD1003EA55F /* Release */ = {
			isa = XCBuildConfiguration;
			buildSettings = {
				ALWAYS_SEARCH_USER_PATHS = NO;
				CLANG_CXX_LANGUAGE_STANDARD = "gnu++0x";
				CLANG_CXX_LIBRARY = "libc++";
				CLANG_ENABLE_MODULES = YES;
				CLANG_ENABLE_OBJC_ARC = YES;
				CLANG_WARN_BOOL_CONVERSION = YES;
				CLANG_WARN_CONSTANT_CONVERSION = YES;
				CLANG_WARN_DIRECT_OBJC_ISA_USAGE = YES_ERROR;
				CLANG_WARN_EMPTY_BODY = YES;
				CLANG_WARN_ENUM_CONVERSION = YES;
				CLANG_WARN_INT_CONVERSION = YES;
				CLANG_WARN_OBJC_ROOT_CLASS = YES_ERROR;
				CLANG_WARN__DUPLICATE_METHOD_MATCH = YES;
				"CODE_SIGN_IDENTITY[sdk=iphoneos*]" = "iPhone Developer";
				COPY_PHASE_STRIP = YES;
				ENABLE_NS_ASSERTIONS = NO;
				GCC_C_LANGUAGE_STANDARD = gnu99;
				GCC_WARN_64_TO_32_BIT_CONVERSION = YES;
				GCC_WARN_ABOUT_RETURN_TYPE = YES_ERROR;
				GCC_WARN_UNDECLARED_SELECTOR = YES;
				GCC_WARN_UNINITIALIZED_AUTOS = YES_AGGRESSIVE;
				GCC_WARN_UNUSED_FUNCTION = YES;
				GCC_WARN_UNUSED_VARIABLE = YES;
				IPHONEOS_DEPLOYMENT_TARGET = 7.1;
				SDKROOT = iphoneos;
				VALIDATE_PRODUCT = YES;
			};
			name = Release;
		};
		8B2F082C18FC7FD1003EA55F /* Debug */ = {
			isa = XCBuildConfiguration;
			buildSettings = {
				ASSETCATALOG_COMPILER_APPICON_NAME = AppIcon;
				ASSETCATALOG_COMPILER_LAUNCHIMAGE_NAME = LaunchImage;
				GCC_PRECOMPILE_PREFIX_HEADER = YES;
				GCC_PREFIX_HEADER = "CHFlingingViewController/CHFlingingViewController-Prefix.pch";
				INFOPLIST_FILE = "CHFlingingViewController/CHFlingingViewController-Info.plist";
				PRODUCT_NAME = "$(TARGET_NAME)";
				WRAPPER_EXTENSION = app;
			};
			name = Debug;
		};
		8B2F082D18FC7FD1003EA55F /* Release */ = {
			isa = XCBuildConfiguration;
			buildSettings = {
				ASSETCATALOG_COMPILER_APPICON_NAME = AppIcon;
				ASSETCATALOG_COMPILER_LAUNCHIMAGE_NAME = LaunchImage;
				GCC_PRECOMPILE_PREFIX_HEADER = YES;
				GCC_PREFIX_HEADER = "CHFlingingViewController/CHFlingingViewController-Prefix.pch";
				INFOPLIST_FILE = "CHFlingingViewController/CHFlingingViewController-Info.plist";
				PRODUCT_NAME = "$(TARGET_NAME)";
				WRAPPER_EXTENSION = app;
			};
			name = Release;
		};
		8B2F082F18FC7FD1003EA55F /* Debug */ = {
			isa = XCBuildConfiguration;
			buildSettings = {
				BUNDLE_LOADER = "$(BUILT_PRODUCTS_DIR)/CHFlingingViewController.app/CHFlingingViewController";
				FRAMEWORK_SEARCH_PATHS = (
					"$(SDKROOT)/Developer/Library/Frameworks",
					"$(inherited)",
					"$(DEVELOPER_FRAMEWORKS_DIR)",
				);
				GCC_PRECOMPILE_PREFIX_HEADER = YES;
				GCC_PREFIX_HEADER = "CHFlingingViewController/CHFlingingViewController-Prefix.pch";
				GCC_PREPROCESSOR_DEFINITIONS = (
					"DEBUG=1",
					"$(inherited)",
				);
				INFOPLIST_FILE = "CHFlingingViewControllerTests/CHFlingingViewControllerTests-Info.plist";
				PRODUCT_NAME = "$(TARGET_NAME)";
				TEST_HOST = "$(BUNDLE_LOADER)";
				WRAPPER_EXTENSION = xctest;
			};
			name = Debug;
		};
		8B2F083018FC7FD1003EA55F /* Release */ = {
			isa = XCBuildConfiguration;
			buildSettings = {
				BUNDLE_LOADER = "$(BUILT_PRODUCTS_DIR)/CHFlingingViewController.app/CHFlingingViewController";
				FRAMEWORK_SEARCH_PATHS = (
					"$(SDKROOT)/Developer/Library/Frameworks",
					"$(inherited)",
					"$(DEVELOPER_FRAMEWORKS_DIR)",
				);
				GCC_PRECOMPILE_PREFIX_HEADER = YES;
				GCC_PREFIX_HEADER = "CHFlingingViewController/CHFlingingViewController-Prefix.pch";
				INFOPLIST_FILE = "CHFlingingViewControllerTests/CHFlingingViewControllerTests-Info.plist";
				PRODUCT_NAME = "$(TARGET_NAME)";
				TEST_HOST = "$(BUNDLE_LOADER)";
				WRAPPER_EXTENSION = xctest;
			};
			name = Release;
		};
/* End XCBuildConfiguration section */

/* Begin XCConfigurationList section */
		8B2F07FA18FC7FD1003EA55F /* Build configuration list for PBXProject "CHFlingingViewController" */ = {
			isa = XCConfigurationList;
			buildConfigurations = (
				8B2F082918FC7FD1003EA55F /* Debug */,
				8B2F082A18FC7FD1003EA55F /* Release */,
			);
			defaultConfigurationIsVisible = 0;
			defaultConfigurationName = Release;
		};
		8B2F082B18FC7FD1003EA55F /* Build configuration list for PBXNativeTarget "CHFlingingViewController" */ = {
			isa = XCConfigurationList;
			buildConfigurations = (
				8B2F082C18FC7FD1003EA55F /* Debug */,
				8B2F082D18FC7FD1003EA55F /* Release */,
			);
			defaultConfigurationIsVisible = 0;
			defaultConfigurationName = Release;
		};
		8B2F082E18FC7FD1003EA55F /* Build configuration list for PBXNativeTarget "CHFlingingViewControllerTests" */ = {
			isa = XCConfigurationList;
			buildConfigurations = (
				8B2F082F18FC7FD1003EA55F /* Debug */,
				8B2F083018FC7FD1003EA55F /* Release */,
			);
			defaultConfigurationIsVisible = 0;
			defaultConfigurationName = Release;
		};
/* End XCConfigurationList section */
	};
	rootObject = 8B2F07F718FC7FD1003EA55F /* Project object */;
}
